
Microsoft Visual Studio Solution File, Format Version 12.00
# Visual Studio Version 17
VisualStudioVersion = 17.10.35027.167
MinimumVisualStudioVersion = 10.0.40219.1
Project("{2150E333-8FDC-42A3-9474-1A3956D46DE8}") = "Services", "Services", "{86165C44-E3AC-4D1D-95CE-18FD885D9F80}"
EndProject
Project("{2150E333-8FDC-42A3-9474-1A3956D46DE8}") = "Catalog", "Catalog", "{5CE344B8-7DA0-458F-AD42-7D974B949D2E}"
EndProject
Project("{9A19103F-16F7-4668-BE54-9A1E7A4F7556}") = "Catalog.API", "Services\Catalog\Catalog.API\Catalog.API.csproj", "{383E0A8D-1FB6-49A6-A4DE-62ED408C1B43}"
EndProject
Project("{9A19103F-16F7-4668-BE54-9A1E7A4F7556}") = "Catalog.Core", "Services\Catalog\Catalog.Core\Catalog.Core.csproj", "{BD27550D-525E-4471-899A-D409469D9037}"
EndProject
Project("{9A19103F-16F7-4668-BE54-9A1E7A4F7556}") = "Catalog.Infrastructure", "Services\Catalog\Catalog.Infrastructure\Catalog.Infrastructure.csproj", "{B7EECAE1-658C-4BA3-84DD-E1CC49E16A15}"
EndProject
Project("{9A19103F-16F7-4668-BE54-9A1E7A4F7556}") = "Catalog.Application", "Services\Catalog\Catalog.Application\Catalog.Application.csproj", "{04414B1D-B7FF-4F43-8304-90AFF920E931}"
EndProject
Project("{E53339B2-1760-4266-BCC7-CA923CBCF16C}") = "docker-compose", "docker-compose.dcproj", "{BFF7B221-E059-465C-A960-F3075224CA8E}"
EndProject
Project("{2150E333-8FDC-42A3-9474-1A3956D46DE8}") = "Infrastructure", "Infrastructure", "{0E7A6357-B8D8-4AC5-99BD-C0A4F17F00DC}"
EndProject
Project("{9A19103F-16F7-4668-BE54-9A1E7A4F7556}") = "Common.Logging", "Infrastructure\Common.Logging\Common.Logging.csproj", "{C6E69446-B9C7-4ACC-8B0E-13CCA26E35A4}"
EndProject
Project("{2150E333-8FDC-42A3-9474-1A3956D46DE8}") = "Basket", "Basket", "{6DA8F9BB-E888-4C66-93E2-006C518AE69E}"
EndProject
Project("{9A19103F-16F7-4668-BE54-9A1E7A4F7556}") = "Basket.API", "Services\Basket\Basket.API\Basket.API.csproj", "{6B8E1842-ED95-406B-85B3-46ACA0BD781B}"
EndProject
Project("{9A19103F-16F7-4668-BE54-9A1E7A4F7556}") = "Basket.Core", "Services\Basket\Basket.Core\Basket.Core.csproj", "{5C421AC0-C385-4A4E-86C2-800596E180D0}"
EndProject
Project("{9A19103F-16F7-4668-BE54-9A1E7A4F7556}") = "Basket.Application", "Services\Basket\Basket.Application\Basket.Application.csproj", "{350DCA7C-E620-4C0E-8425-265607C7F84B}"
EndProject
Project("{9A19103F-16F7-4668-BE54-9A1E7A4F7556}") = "Basket.Infrastructure", "Services\Basket\Basket.Infrastructure\Basket.Infrastructure.csproj", "{2D6FD5F7-8DA7-4421-BF1F-9299C3C3D93B}"
EndProject
Project("{9A19103F-16F7-4668-BE54-9A1E7A4F7556}") = "EventBus.Messages", "Infrastructure\EventBus.Messages\EventBus.Messages.csproj", "{A946D20F-B8CD-4F23-B149-A2625C4A97A2}"
EndProject
Project("{2150E333-8FDC-42A3-9474-1A3956D46DE8}") = "Discount", "Discount", "{493F37B1-F7BB-4F4B-8ECD-7DB59D9CA5C6}"
EndProject
Project("{9A19103F-16F7-4668-BE54-9A1E7A4F7556}") = "Discount.API", "Services\Discount\Discount.API\Discount.API.csproj", "{5CE7877D-0CA3-406E-AFE4-FCBDD6049771}"
EndProject
Project("{9A19103F-16F7-4668-BE54-9A1E7A4F7556}") = "Discount.Core", "Services\Discount\Discount.Core\Discount.Core.csproj", "{48233620-464B-4C5C-93DE-BE7E8650B68E}"
EndProject
Project("{9A19103F-16F7-4668-BE54-9A1E7A4F7556}") = "Discount.Infrastructure", "Services\Discount\Discount.Infrastructure\Discount.Infrastructure.csproj", "{E204F8E0-0B97-4655-94DA-124A0B5DCBA0}"
EndProject
Project("{9A19103F-16F7-4668-BE54-9A1E7A4F7556}") = "Discount.Application", "Services\Discount\Discount.Application\Discount.Application.csproj", "{6D9B4964-8AEE-4C31-89AF-29703F2A6735}"
EndProject
Project("{2150E333-8FDC-42A3-9474-1A3956D46DE8}") = "Ordering", "Ordering", "{E6BFC6AE-3F56-43BA-A9ED-E6CA96F25DD2}"
EndProject
Project("{9A19103F-16F7-4668-BE54-9A1E7A4F7556}") = "Ordering.Core", "Services\Ordering\Ordering.Core\Ordering.Core.csproj", "{5B5FF35C-E366-4306-A05C-9A8F19E03A04}"
EndProject
Project("{9A19103F-16F7-4668-BE54-9A1E7A4F7556}") = "Ordering.Infrastructure", "Services\Ordering\Ordering.Infrastructure\Ordering.Infrastructure.csproj", "{60AF59D1-84A8-4297-A6E1-414D006E8828}"
EndProject
Project("{9A19103F-16F7-4668-BE54-9A1E7A4F7556}") = "Ordering.API", "Services\Ordering\Ordering.API\Ordering.API.csproj", "{58641780-F014-4E94-A525-8750932A1AFE}"
EndProject
Project("{9A19103F-16F7-4668-BE54-9A1E7A4F7556}") = "Ordering.Application", "Services\Ordering\Ordering.Application\Ordering.Application.csproj", "{52217B45-F9FF-4C3C-BD68-BCFD4C3D7BF0}"
EndProject
Project("{2150E333-8FDC-42A3-9474-1A3956D46DE8}") = "Inventory", "Inventory", "{224BEDB4-E070-4D64-B454-797E03C89BA8}"
EndProject
Project("{9A19103F-16F7-4668-BE54-9A1E7A4F7556}") = "Inventory.Core", "Services\Inventory\Inventory.Core\Inventory.Core.csproj", "{E5A6E2F3-9ADD-4F41-975A-ED0D81601FFE}"
EndProject
Project("{9A19103F-16F7-4668-BE54-9A1E7A4F7556}") = "Inventory.Infrastructure", "Services\Inventory\Inventory.Infrastructure\Inventory.Infrastructure.csproj", "{895C8B70-70B3-45A8-8D5E-EBB4899C26CE}"
EndProject
Project("{9A19103F-16F7-4668-BE54-9A1E7A4F7556}") = "Inventory.Application", "Services\Inventory\Inventory.Application\Inventory.Application.csproj", "{0B58CF12-1133-4475-B9C0-B145785DAA7C}"
EndProject
Project("{9A19103F-16F7-4668-BE54-9A1E7A4F7556}") = "Inventory.API", "Services\Inventory\Inventory.API\Inventory.API.csproj", "{D9C4E63F-3D60-4BEE-9C22-8959117E77BC}"
EndProject
Project("{2150E333-8FDC-42A3-9474-1A3956D46DE8}") = "Email", "Email", "{54256E30-5926-4125-861F-312FF8D1F2DF}"
EndProject
Project("{FAE04EC0-301F-11D3-BF4B-00C04F79EFBC}") = "Email.Service", "Services\Email\Email.Service\Email.Service.csproj", "{6C3010CC-AFDB-41FA-9B22-C3E42002931E}"
EndProject
Global
	GlobalSection(SolutionConfigurationPlatforms) = preSolution
		Debug|Any CPU = Debug|Any CPU
		Release|Any CPU = Release|Any CPU
	EndGlobalSection
	GlobalSection(ProjectConfigurationPlatforms) = postSolution
		{383E0A8D-1FB6-49A6-A4DE-62ED408C1B43}.Debug|Any CPU.ActiveCfg = Debug|Any CPU
		{383E0A8D-1FB6-49A6-A4DE-62ED408C1B43}.Debug|Any CPU.Build.0 = Debug|Any CPU
		{383E0A8D-1FB6-49A6-A4DE-62ED408C1B43}.Release|Any CPU.ActiveCfg = Release|Any CPU
		{383E0A8D-1FB6-49A6-A4DE-62ED408C1B43}.Release|Any CPU.Build.0 = Release|Any CPU
		{BD27550D-525E-4471-899A-D409469D9037}.Debug|Any CPU.ActiveCfg = Debug|Any CPU
		{BD27550D-525E-4471-899A-D409469D9037}.Debug|Any CPU.Build.0 = Debug|Any CPU
		{BD27550D-525E-4471-899A-D409469D9037}.Release|Any CPU.ActiveCfg = Release|Any CPU
		{BD27550D-525E-4471-899A-D409469D9037}.Release|Any CPU.Build.0 = Release|Any CPU
		{B7EECAE1-658C-4BA3-84DD-E1CC49E16A15}.Debug|Any CPU.ActiveCfg = Debug|Any CPU
		{B7EECAE1-658C-4BA3-84DD-E1CC49E16A15}.Debug|Any CPU.Build.0 = Debug|Any CPU
		{B7EECAE1-658C-4BA3-84DD-E1CC49E16A15}.Release|Any CPU.ActiveCfg = Release|Any CPU
		{B7EECAE1-658C-4BA3-84DD-E1CC49E16A15}.Release|Any CPU.Build.0 = Release|Any CPU
		{04414B1D-B7FF-4F43-8304-90AFF920E931}.Debug|Any CPU.ActiveCfg = Debug|Any CPU
		{04414B1D-B7FF-4F43-8304-90AFF920E931}.Debug|Any CPU.Build.0 = Debug|Any CPU
		{04414B1D-B7FF-4F43-8304-90AFF920E931}.Release|Any CPU.ActiveCfg = Release|Any CPU
		{04414B1D-B7FF-4F43-8304-90AFF920E931}.Release|Any CPU.Build.0 = Release|Any CPU
		{BFF7B221-E059-465C-A960-F3075224CA8E}.Debug|Any CPU.ActiveCfg = Debug|Any CPU
		{BFF7B221-E059-465C-A960-F3075224CA8E}.Debug|Any CPU.Build.0 = Debug|Any CPU
		{BFF7B221-E059-465C-A960-F3075224CA8E}.Release|Any CPU.ActiveCfg = Release|Any CPU
		{BFF7B221-E059-465C-A960-F3075224CA8E}.Release|Any CPU.Build.0 = Release|Any CPU
		{C6E69446-B9C7-4ACC-8B0E-13CCA26E35A4}.Debug|Any CPU.ActiveCfg = Debug|Any CPU
		{C6E69446-B9C7-4ACC-8B0E-13CCA26E35A4}.Debug|Any CPU.Build.0 = Debug|Any CPU
		{C6E69446-B9C7-4ACC-8B0E-13CCA26E35A4}.Release|Any CPU.ActiveCfg = Release|Any CPU
		{C6E69446-B9C7-4ACC-8B0E-13CCA26E35A4}.Release|Any CPU.Build.0 = Release|Any CPU
		{6B8E1842-ED95-406B-85B3-46ACA0BD781B}.Debug|Any CPU.ActiveCfg = Debug|Any CPU
		{6B8E1842-ED95-406B-85B3-46ACA0BD781B}.Debug|Any CPU.Build.0 = Debug|Any CPU
		{6B8E1842-ED95-406B-85B3-46ACA0BD781B}.Release|Any CPU.ActiveCfg = Release|Any CPU
		{6B8E1842-ED95-406B-85B3-46ACA0BD781B}.Release|Any CPU.Build.0 = Release|Any CPU
		{5C421AC0-C385-4A4E-86C2-800596E180D0}.Debug|Any CPU.ActiveCfg = Debug|Any CPU
		{5C421AC0-C385-4A4E-86C2-800596E180D0}.Debug|Any CPU.Build.0 = Debug|Any CPU
		{5C421AC0-C385-4A4E-86C2-800596E180D0}.Release|Any CPU.ActiveCfg = Release|Any CPU
		{5C421AC0-C385-4A4E-86C2-800596E180D0}.Release|Any CPU.Build.0 = Release|Any CPU
		{350DCA7C-E620-4C0E-8425-265607C7F84B}.Debug|Any CPU.ActiveCfg = Debug|Any CPU
		{350DCA7C-E620-4C0E-8425-265607C7F84B}.Debug|Any CPU.Build.0 = Debug|Any CPU
		{350DCA7C-E620-4C0E-8425-265607C7F84B}.Release|Any CPU.ActiveCfg = Release|Any CPU
		{350DCA7C-E620-4C0E-8425-265607C7F84B}.Release|Any CPU.Build.0 = Release|Any CPU
		{2D6FD5F7-8DA7-4421-BF1F-9299C3C3D93B}.Debug|Any CPU.ActiveCfg = Debug|Any CPU
		{2D6FD5F7-8DA7-4421-BF1F-9299C3C3D93B}.Debug|Any CPU.Build.0 = Debug|Any CPU
		{2D6FD5F7-8DA7-4421-BF1F-9299C3C3D93B}.Release|Any CPU.ActiveCfg = Release|Any CPU
		{2D6FD5F7-8DA7-4421-BF1F-9299C3C3D93B}.Release|Any CPU.Build.0 = Release|Any CPU
		{A946D20F-B8CD-4F23-B149-A2625C4A97A2}.Debug|Any CPU.ActiveCfg = Debug|Any CPU
		{A946D20F-B8CD-4F23-B149-A2625C4A97A2}.Debug|Any CPU.Build.0 = Debug|Any CPU
		{A946D20F-B8CD-4F23-B149-A2625C4A97A2}.Release|Any CPU.ActiveCfg = Release|Any CPU
		{A946D20F-B8CD-4F23-B149-A2625C4A97A2}.Release|Any CPU.Build.0 = Release|Any CPU
		{5CE7877D-0CA3-406E-AFE4-FCBDD6049771}.Debug|Any CPU.ActiveCfg = Debug|Any CPU
		{5CE7877D-0CA3-406E-AFE4-FCBDD6049771}.Debug|Any CPU.Build.0 = Debug|Any CPU
		{5CE7877D-0CA3-406E-AFE4-FCBDD6049771}.Release|Any CPU.ActiveCfg = Release|Any CPU
		{5CE7877D-0CA3-406E-AFE4-FCBDD6049771}.Release|Any CPU.Build.0 = Release|Any CPU
		{48233620-464B-4C5C-93DE-BE7E8650B68E}.Debug|Any CPU.ActiveCfg = Debug|Any CPU
		{48233620-464B-4C5C-93DE-BE7E8650B68E}.Debug|Any CPU.Build.0 = Debug|Any CPU
		{48233620-464B-4C5C-93DE-BE7E8650B68E}.Release|Any CPU.ActiveCfg = Release|Any CPU
		{48233620-464B-4C5C-93DE-BE7E8650B68E}.Release|Any CPU.Build.0 = Release|Any CPU
		{E204F8E0-0B97-4655-94DA-124A0B5DCBA0}.Debug|Any CPU.ActiveCfg = Debug|Any CPU
		{E204F8E0-0B97-4655-94DA-124A0B5DCBA0}.Debug|Any CPU.Build.0 = Debug|Any CPU
		{E204F8E0-0B97-4655-94DA-124A0B5DCBA0}.Release|Any CPU.ActiveCfg = Release|Any CPU
		{E204F8E0-0B97-4655-94DA-124A0B5DCBA0}.Release|Any CPU.Build.0 = Release|Any CPU
		{6D9B4964-8AEE-4C31-89AF-29703F2A6735}.Debug|Any CPU.ActiveCfg = Debug|Any CPU
		{6D9B4964-8AEE-4C31-89AF-29703F2A6735}.Debug|Any CPU.Build.0 = Debug|Any CPU
		{6D9B4964-8AEE-4C31-89AF-29703F2A6735}.Release|Any CPU.ActiveCfg = Release|Any CPU
		{6D9B4964-8AEE-4C31-89AF-29703F2A6735}.Release|Any CPU.Build.0 = Release|Any CPU
		{5B5FF35C-E366-4306-A05C-9A8F19E03A04}.Debug|Any CPU.ActiveCfg = Debug|Any CPU
		{5B5FF35C-E366-4306-A05C-9A8F19E03A04}.Debug|Any CPU.Build.0 = Debug|Any CPU
		{5B5FF35C-E366-4306-A05C-9A8F19E03A04}.Release|Any CPU.ActiveCfg = Release|Any CPU
		{5B5FF35C-E366-4306-A05C-9A8F19E03A04}.Release|Any CPU.Build.0 = Release|Any CPU
		{60AF59D1-84A8-4297-A6E1-414D006E8828}.Debug|Any CPU.ActiveCfg = Debug|Any CPU
		{60AF59D1-84A8-4297-A6E1-414D006E8828}.Debug|Any CPU.Build.0 = Debug|Any CPU
		{60AF59D1-84A8-4297-A6E1-414D006E8828}.Release|Any CPU.ActiveCfg = Release|Any CPU
		{60AF59D1-84A8-4297-A6E1-414D006E8828}.Release|Any CPU.Build.0 = Release|Any CPU
		{58641780-F014-4E94-A525-8750932A1AFE}.Debug|Any CPU.ActiveCfg = Debug|Any CPU
		{58641780-F014-4E94-A525-8750932A1AFE}.Debug|Any CPU.Build.0 = Debug|Any CPU
		{58641780-F014-4E94-A525-8750932A1AFE}.Release|Any CPU.ActiveCfg = Release|Any CPU
		{58641780-F014-4E94-A525-8750932A1AFE}.Release|Any CPU.Build.0 = Release|Any CPU
		{52217B45-F9FF-4C3C-BD68-BCFD4C3D7BF0}.Debug|Any CPU.ActiveCfg = Debug|Any CPU
		{52217B45-F9FF-4C3C-BD68-BCFD4C3D7BF0}.Debug|Any CPU.Build.0 = Debug|Any CPU
		{52217B45-F9FF-4C3C-BD68-BCFD4C3D7BF0}.Release|Any CPU.ActiveCfg = Release|Any CPU
		{52217B45-F9FF-4C3C-BD68-BCFD4C3D7BF0}.Release|Any CPU.Build.0 = Release|Any CPU
		{E5A6E2F3-9ADD-4F41-975A-ED0D81601FFE}.Debug|Any CPU.ActiveCfg = Debug|Any CPU
		{E5A6E2F3-9ADD-4F41-975A-ED0D81601FFE}.Debug|Any CPU.Build.0 = Debug|Any CPU
		{E5A6E2F3-9ADD-4F41-975A-ED0D81601FFE}.Release|Any CPU.ActiveCfg = Release|Any CPU
		{E5A6E2F3-9ADD-4F41-975A-ED0D81601FFE}.Release|Any CPU.Build.0 = Release|Any CPU
		{895C8B70-70B3-45A8-8D5E-EBB4899C26CE}.Debug|Any CPU.ActiveCfg = Debug|Any CPU
		{895C8B70-70B3-45A8-8D5E-EBB4899C26CE}.Debug|Any CPU.Build.0 = Debug|Any CPU
		{895C8B70-70B3-45A8-8D5E-EBB4899C26CE}.Release|Any CPU.ActiveCfg = Release|Any CPU
		{895C8B70-70B3-45A8-8D5E-EBB4899C26CE}.Release|Any CPU.Build.0 = Release|Any CPU
		{0B58CF12-1133-4475-B9C0-B145785DAA7C}.Debug|Any CPU.ActiveCfg = Debug|Any CPU
		{0B58CF12-1133-4475-B9C0-B145785DAA7C}.Debug|Any CPU.Build.0 = Debug|Any CPU
		{0B58CF12-1133-4475-B9C0-B145785DAA7C}.Release|Any CPU.ActiveCfg = Release|Any CPU
		{0B58CF12-1133-4475-B9C0-B145785DAA7C}.Release|Any CPU.Build.0 = Release|Any CPU
		{D9C4E63F-3D60-4BEE-9C22-8959117E77BC}.Debug|Any CPU.ActiveCfg = Debug|Any CPU
		{D9C4E63F-3D60-4BEE-9C22-8959117E77BC}.Debug|Any CPU.Build.0 = Debug|Any CPU
		{D9C4E63F-3D60-4BEE-9C22-8959117E77BC}.Release|Any CPU.ActiveCfg = Release|Any CPU
		{D9C4E63F-3D60-4BEE-9C22-8959117E77BC}.Release|Any CPU.Build.0 = Release|Any CPU
		{6C3010CC-AFDB-41FA-9B22-C3E42002931E}.Debug|Any CPU.ActiveCfg = Debug|Any CPU
		{6C3010CC-AFDB-41FA-9B22-C3E42002931E}.Debug|Any CPU.Build.0 = Debug|Any CPU
		{6C3010CC-AFDB-41FA-9B22-C3E42002931E}.Release|Any CPU.ActiveCfg = Release|Any CPU
		{6C3010CC-AFDB-41FA-9B22-C3E42002931E}.Release|Any CPU.Build.0 = Release|Any CPU
	EndGlobalSection
	GlobalSection(SolutionProperties) = preSolution
		HideSolutionNode = FALSE
	EndGlobalSection
	GlobalSection(NestedProjects) = preSolution
		{5CE344B8-7DA0-458F-AD42-7D974B949D2E} = {86165C44-E3AC-4D1D-95CE-18FD885D9F80}
		{383E0A8D-1FB6-49A6-A4DE-62ED408C1B43} = {5CE344B8-7DA0-458F-AD42-7D974B949D2E}
		{BD27550D-525E-4471-899A-D409469D9037} = {5CE344B8-7DA0-458F-AD42-7D974B949D2E}
		{B7EECAE1-658C-4BA3-84DD-E1CC49E16A15} = {5CE344B8-7DA0-458F-AD42-7D974B949D2E}
		{04414B1D-B7FF-4F43-8304-90AFF920E931} = {5CE344B8-7DA0-458F-AD42-7D974B949D2E}
		{C6E69446-B9C7-4ACC-8B0E-13CCA26E35A4} = {0E7A6357-B8D8-4AC5-99BD-C0A4F17F00DC}
		{6DA8F9BB-E888-4C66-93E2-006C518AE69E} = {86165C44-E3AC-4D1D-95CE-18FD885D9F80}
		{6B8E1842-ED95-406B-85B3-46ACA0BD781B} = {6DA8F9BB-E888-4C66-93E2-006C518AE69E}
		{5C421AC0-C385-4A4E-86C2-800596E180D0} = {6DA8F9BB-E888-4C66-93E2-006C518AE69E}
		{350DCA7C-E620-4C0E-8425-265607C7F84B} = {6DA8F9BB-E888-4C66-93E2-006C518AE69E}
		{2D6FD5F7-8DA7-4421-BF1F-9299C3C3D93B} = {6DA8F9BB-E888-4C66-93E2-006C518AE69E}
		{A946D20F-B8CD-4F23-B149-A2625C4A97A2} = {0E7A6357-B8D8-4AC5-99BD-C0A4F17F00DC}
		{493F37B1-F7BB-4F4B-8ECD-7DB59D9CA5C6} = {86165C44-E3AC-4D1D-95CE-18FD885D9F80}
		{5CE7877D-0CA3-406E-AFE4-FCBDD6049771} = {493F37B1-F7BB-4F4B-8ECD-7DB59D9CA5C6}
		{48233620-464B-4C5C-93DE-BE7E8650B68E} = {493F37B1-F7BB-4F4B-8ECD-7DB59D9CA5C6}
		{E204F8E0-0B97-4655-94DA-124A0B5DCBA0} = {493F37B1-F7BB-4F4B-8ECD-7DB59D9CA5C6}
		{6D9B4964-8AEE-4C31-89AF-29703F2A6735} = {493F37B1-F7BB-4F4B-8ECD-7DB59D9CA5C6}
		{E6BFC6AE-3F56-43BA-A9ED-E6CA96F25DD2} = {86165C44-E3AC-4D1D-95CE-18FD885D9F80}
		{5B5FF35C-E366-4306-A05C-9A8F19E03A04} = {E6BFC6AE-3F56-43BA-A9ED-E6CA96F25DD2}
		{60AF59D1-84A8-4297-A6E1-414D006E8828} = {E6BFC6AE-3F56-43BA-A9ED-E6CA96F25DD2}
		{58641780-F014-4E94-A525-8750932A1AFE} = {E6BFC6AE-3F56-43BA-A9ED-E6CA96F25DD2}
		{52217B45-F9FF-4C3C-BD68-BCFD4C3D7BF0} = {E6BFC6AE-3F56-43BA-A9ED-E6CA96F25DD2}
		{224BEDB4-E070-4D64-B454-797E03C89BA8} = {86165C44-E3AC-4D1D-95CE-18FD885D9F80}
		{E5A6E2F3-9ADD-4F41-975A-ED0D81601FFE} = {224BEDB4-E070-4D64-B454-797E03C89BA8}
		{895C8B70-70B3-45A8-8D5E-EBB4899C26CE} = {224BEDB4-E070-4D64-B454-797E03C89BA8}
		{0B58CF12-1133-4475-B9C0-B145785DAA7C} = {224BEDB4-E070-4D64-B454-797E03C89BA8}
		{D9C4E63F-3D60-4BEE-9C22-8959117E77BC} = {224BEDB4-E070-4D64-B454-797E03C89BA8}
		{54256E30-5926-4125-861F-312FF8D1F2DF} = {86165C44-E3AC-4D1D-95CE-18FD885D9F80}
		{6C3010CC-AFDB-41FA-9B22-C3E42002931E} = {54256E30-5926-4125-861F-312FF8D1F2DF}
	EndGlobalSection
	GlobalSection(ExtensibilityGlobals) = postSolution
		SolutionGuid = {9322922B-3E30-4095-B0C3-7F0F417D97F4}
	EndGlobalSection
EndGlobal
