
Microsoft Visual Studio Solution File, Format Version 12.00
# Visual Studio Version 17
VisualStudioVersion = 17.10.35027.167
MinimumVisualStudioVersion = 10.0.40219.1
Project("{2150E333-8FDC-42A3-9474-1A3956D46DE8}") = "Services", "Services", "{86165C44-E3AC-4D1D-95CE-18FD885D9F80}"
EndProject
Project("{2150E333-8FDC-42A3-9474-1A3956D46DE8}") = "Catalog", "Catalog", "{5CE344B8-7DA0-458F-AD42-7D974B949D2E}"
EndProject
Project("{9A19103F-16F7-4668-BE54-9A1E7A4F7556}") = "Catalog.API", "Services\Catalog\Catalog.API\Catalog.API.csproj", "{383E0A8D-1FB6-49A6-A4DE-62ED408C1B43}"
EndProject
Project("{9A19103F-16F7-4668-BE54-9A1E7A4F7556}") = "Catalog.Core", "Services\Catalog\Catalog.Core\Catalog.Core.csproj", "{BD27550D-525E-4471-899A-D409469D9037}"
EndProject
Project("{9A19103F-16F7-4668-BE54-9A1E7A4F7556}") = "Catalog.Infrastructure", "Services\Catalog\Catalog.Infrastructure\Catalog.Infrastructure.csproj", "{B7EECAE1-658C-4BA3-84DD-E1CC49E16A15}"
EndProject
Project("{9A19103F-16F7-4668-BE54-9A1E7A4F7556}") = "Catalog.Application", "Services\Catalog\Catalog.Application\Catalog.Application.csproj", "{04414B1D-B7FF-4F43-8304-90AFF920E931}"
EndProject
Project("{E53339B2-1760-4266-BCC7-CA923CBCF16C}") = "docker-compose", "docker-compose.dcproj", "{BFF7B221-E059-465C-A960-F3075224CA8E}"
EndProject
Project("{2150E333-8FDC-42A3-9474-1A3956D46DE8}") = "Infrastructure", "Infrastructure", "{0E7A6357-B8D8-4AC5-99BD-C0A4F17F00DC}"
EndProject
Project("{9A19103F-16F7-4668-BE54-9A1E7A4F7556}") = "Common.Logging", "Infrastructure\Common.Logging\Common.Logging.csproj", "{C6E69446-B9C7-4ACC-8B0E-13CCA26E35A4}"
EndProject
Project("{2150E333-8FDC-42A3-9474-1A3956D46DE8}") = "Basket", "Basket", "{6DA8F9BB-E888-4C66-93E2-006C518AE69E}"
EndProject
Project("{9A19103F-16F7-4668-BE54-9A1E7A4F7556}") = "Basket.API", "Services\Basket\Basket.API\Basket.API.csproj", "{6B8E1842-ED95-406B-85B3-46ACA0BD781B}"
EndProject
Project("{9A19103F-16F7-4668-BE54-9A1E7A4F7556}") = "Basket.Core", "Services\Basket\Basket.Core\Basket.Core.csproj", "{5C421AC0-C385-4A4E-86C2-800596E180D0}"
EndProject
Project("{9A19103F-16F7-4668-BE54-9A1E7A4F7556}") = "Basket.Application", "Services\Basket\Basket.Application\Basket.Application.csproj", "{350DCA7C-E620-4C0E-8425-265607C7F84B}"
EndProject
Project("{9A19103F-16F7-4668-BE54-9A1E7A4F7556}") = "Basket.Infrastructure", "Services\Basket\Basket.Infrastructure\Basket.Infrastructure.csproj", "{2D6FD5F7-8DA7-4421-BF1F-9299C3C3D93B}"
EndProject
Project("{FAE04EC0-301F-11D3-BF4B-00C04F79EFBC}") = "EventBus.Messages", "Infrastructure\EventBus.Messages\EventBus.Messages.csproj", "{A946D20F-B8CD-4F23-B149-A2625C4A97A2}"
EndProject
Global
	GlobalSection(SolutionConfigurationPlatforms) = preSolution
		Debug|Any CPU = Debug|Any CPU
		Release|Any CPU = Release|Any CPU
	EndGlobalSection
	GlobalSection(ProjectConfigurationPlatforms) = postSolution
		{383E0A8D-1FB6-49A6-A4DE-62ED408C1B43}.Debug|Any CPU.ActiveCfg = Debug|Any CPU
		{383E0A8D-1FB6-49A6-A4DE-62ED408C1B43}.Debug|Any CPU.Build.0 = Debug|Any CPU
		{383E0A8D-1FB6-49A6-A4DE-62ED408C1B43}.Release|Any CPU.ActiveCfg = Release|Any CPU
		{383E0A8D-1FB6-49A6-A4DE-62ED408C1B43}.Release|Any CPU.Build.0 = Release|Any CPU
		{BD27550D-525E-4471-899A-D409469D9037}.Debug|Any CPU.ActiveCfg = Debug|Any CPU
		{BD27550D-525E-4471-899A-D409469D9037}.Debug|Any CPU.Build.0 = Debug|Any CPU
		{BD27550D-525E-4471-899A-D409469D9037}.Release|Any CPU.ActiveCfg = Release|Any CPU
		{BD27550D-525E-4471-899A-D409469D9037}.Release|Any CPU.Build.0 = Release|Any CPU
		{B7EECAE1-658C-4BA3-84DD-E1CC49E16A15}.Debug|Any CPU.ActiveCfg = Debug|Any CPU
		{B7EECAE1-658C-4BA3-84DD-E1CC49E16A15}.Debug|Any CPU.Build.0 = Debug|Any CPU
		{B7EECAE1-658C-4BA3-84DD-E1CC49E16A15}.Release|Any CPU.ActiveCfg = Release|Any CPU
		{B7EECAE1-658C-4BA3-84DD-E1CC49E16A15}.Release|Any CPU.Build.0 = Release|Any CPU
		{04414B1D-B7FF-4F43-8304-90AFF920E931}.Debug|Any CPU.ActiveCfg = Debug|Any CPU
		{04414B1D-B7FF-4F43-8304-90AFF920E931}.Debug|Any CPU.Build.0 = Debug|Any CPU
		{04414B1D-B7FF-4F43-8304-90AFF920E931}.Release|Any CPU.ActiveCfg = Release|Any CPU
		{04414B1D-B7FF-4F43-8304-90AFF920E931}.Release|Any CPU.Build.0 = Release|Any CPU
		{BFF7B221-E059-465C-A960-F3075224CA8E}.Debug|Any CPU.ActiveCfg = Debug|Any CPU
		{BFF7B221-E059-465C-A960-F3075224CA8E}.Debug|Any CPU.Build.0 = Debug|Any CPU
		{BFF7B221-E059-465C-A960-F3075224CA8E}.Release|Any CPU.ActiveCfg = Release|Any CPU
		{BFF7B221-E059-465C-A960-F3075224CA8E}.Release|Any CPU.Build.0 = Release|Any CPU
		{C6E69446-B9C7-4ACC-8B0E-13CCA26E35A4}.Debug|Any CPU.ActiveCfg = Debug|Any CPU
		{C6E69446-B9C7-4ACC-8B0E-13CCA26E35A4}.Debug|Any CPU.Build.0 = Debug|Any CPU
		{C6E69446-B9C7-4ACC-8B0E-13CCA26E35A4}.Release|Any CPU.ActiveCfg = Release|Any CPU
		{C6E69446-B9C7-4ACC-8B0E-13CCA26E35A4}.Release|Any CPU.Build.0 = Release|Any CPU
		{6B8E1842-ED95-406B-85B3-46ACA0BD781B}.Debug|Any CPU.ActiveCfg = Debug|Any CPU
		{6B8E1842-ED95-406B-85B3-46ACA0BD781B}.Debug|Any CPU.Build.0 = Debug|Any CPU
		{6B8E1842-ED95-406B-85B3-46ACA0BD781B}.Release|Any CPU.ActiveCfg = Release|Any CPU
		{6B8E1842-ED95-406B-85B3-46ACA0BD781B}.Release|Any CPU.Build.0 = Release|Any CPU
		{5C421AC0-C385-4A4E-86C2-800596E180D0}.Debug|Any CPU.ActiveCfg = Debug|Any CPU
		{5C421AC0-C385-4A4E-86C2-800596E180D0}.Debug|Any CPU.Build.0 = Debug|Any CPU
		{5C421AC0-C385-4A4E-86C2-800596E180D0}.Release|Any CPU.ActiveCfg = Release|Any CPU
		{5C421AC0-C385-4A4E-86C2-800596E180D0}.Release|Any CPU.Build.0 = Release|Any CPU
		{350DCA7C-E620-4C0E-8425-265607C7F84B}.Debug|Any CPU.ActiveCfg = Debug|Any CPU
		{350DCA7C-E620-4C0E-8425-265607C7F84B}.Debug|Any CPU.Build.0 = Debug|Any CPU
		{350DCA7C-E620-4C0E-8425-265607C7F84B}.Release|Any CPU.ActiveCfg = Release|Any CPU
		{350DCA7C-E620-4C0E-8425-265607C7F84B}.Release|Any CPU.Build.0 = Release|Any CPU
		{2D6FD5F7-8DA7-4421-BF1F-9299C3C3D93B}.Debug|Any CPU.ActiveCfg = Debug|Any CPU
		{2D6FD5F7-8DA7-4421-BF1F-9299C3C3D93B}.Debug|Any CPU.Build.0 = Debug|Any CPU
		{2D6FD5F7-8DA7-4421-BF1F-9299C3C3D93B}.Release|Any CPU.ActiveCfg = Release|Any CPU
		{2D6FD5F7-8DA7-4421-BF1F-9299C3C3D93B}.Release|Any CPU.Build.0 = Release|Any CPU
		{A946D20F-B8CD-4F23-B149-A2625C4A97A2}.Debug|Any CPU.ActiveCfg = Debug|Any CPU
		{A946D20F-B8CD-4F23-B149-A2625C4A97A2}.Debug|Any CPU.Build.0 = Debug|Any CPU
		{A946D20F-B8CD-4F23-B149-A2625C4A97A2}.Release|Any CPU.ActiveCfg = Release|Any CPU
		{A946D20F-B8CD-4F23-B149-A2625C4A97A2}.Release|Any CPU.Build.0 = Release|Any CPU
	EndGlobalSection
	GlobalSection(SolutionProperties) = preSolution
		HideSolutionNode = FALSE
	EndGlobalSection
	GlobalSection(NestedProjects) = preSolution
		{5CE344B8-7DA0-458F-AD42-7D974B949D2E} = {86165C44-E3AC-4D1D-95CE-18FD885D9F80}
		{383E0A8D-1FB6-49A6-A4DE-62ED408C1B43} = {5CE344B8-7DA0-458F-AD42-7D974B949D2E}
		{BD27550D-525E-4471-899A-D409469D9037} = {5CE344B8-7DA0-458F-AD42-7D974B949D2E}
		{B7EECAE1-658C-4BA3-84DD-E1CC49E16A15} = {5CE344B8-7DA0-458F-AD42-7D974B949D2E}
		{04414B1D-B7FF-4F43-8304-90AFF920E931} = {5CE344B8-7DA0-458F-AD42-7D974B949D2E}
		{C6E69446-B9C7-4ACC-8B0E-13CCA26E35A4} = {0E7A6357-B8D8-4AC5-99BD-C0A4F17F00DC}
		{6DA8F9BB-E888-4C66-93E2-006C518AE69E} = {86165C44-E3AC-4D1D-95CE-18FD885D9F80}
		{6B8E1842-ED95-406B-85B3-46ACA0BD781B} = {6DA8F9BB-E888-4C66-93E2-006C518AE69E}
		{5C421AC0-C385-4A4E-86C2-800596E180D0} = {6DA8F9BB-E888-4C66-93E2-006C518AE69E}
		{350DCA7C-E620-4C0E-8425-265607C7F84B} = {6DA8F9BB-E888-4C66-93E2-006C518AE69E}
		{2D6FD5F7-8DA7-4421-BF1F-9299C3C3D93B} = {6DA8F9BB-E888-4C66-93E2-006C518AE69E}
		{A946D20F-B8CD-4F23-B149-A2625C4A97A2} = {0E7A6357-B8D8-4AC5-99BD-C0A4F17F00DC}
	EndGlobalSection
	GlobalSection(ExtensibilityGlobals) = postSolution
		SolutionGuid = {9322922B-3E30-4095-B0C3-7F0F417D97F4}
	EndGlobalSection
EndGlobal
